
Microsoft Visual Studio Solution File, Format Version 12.00
# Visual Studio Version 16
VisualStudioVersion = 16.0.31205.134
MinimumVisualStudioVersion = 10.0.40219.1
Project("{FAE04EC0-301F-11D3-BF4B-00C04F79EFBC}") = "SaintAdviser.WEB", "SaintAdviser.WEB\SaintAdviser.WEB.csproj", "{E3168432-2377-4C31-B231-EBB703A0C293}"
EndProject
Project("{FAE04EC0-301F-11D3-BF4B-00C04F79EFBC}") = "SaintAdviser.Business", "SaintAdviser.Business\SaintAdviser.Business.csproj", "{D4BAABA4-CFB6-4DA3-B5EF-75BCEDCA7F7B}"
EndProject
Project("{FAE04EC0-301F-11D3-BF4B-00C04F79EFBC}") = "SaintAdviser.DAL", "SaintAdviser.DAL\SaintAdviser.DAL.csproj", "{6DECCB71-EA4B-4D13-8BCA-C66833F3B76C}"
EndProject
Project("{FAE04EC0-301F-11D3-BF4B-00C04F79EFBC}") = "SaintAdviser.Data", "SaintAdviser.Data\SaintAdviser.Data.csproj", "{6DDF51B9-7C1B-42E7-BD92-FEFD6A9965CE}"
EndProject
Project("{FAE04EC0-301F-11D3-BF4B-00C04F79EFBC}") = "SaintAdviser.Entity", "SaintAdviser.Entity\SaintAdviser.Entity.csproj", "{F96836F7-1102-4F27-98E6-A41D3871AD2B}"
EndProject
Global
	GlobalSection(SolutionConfigurationPlatforms) = preSolution
		Debug|Any CPU = Debug|Any CPU
		Release|Any CPU = Release|Any CPU
	EndGlobalSection
	GlobalSection(ProjectConfigurationPlatforms) = postSolution
		{E3168432-2377-4C31-B231-EBB703A0C293}.Debug|Any CPU.ActiveCfg = Debug|Any CPU
		{E3168432-2377-4C31-B231-EBB703A0C293}.Debug|Any CPU.Build.0 = Debug|Any CPU
		{E3168432-2377-4C31-B231-EBB703A0C293}.Release|Any CPU.ActiveCfg = Release|Any CPU
		{E3168432-2377-4C31-B231-EBB703A0C293}.Release|Any CPU.Build.0 = Release|Any CPU
		{D4BAABA4-CFB6-4DA3-B5EF-75BCEDCA7F7B}.Debug|Any CPU.ActiveCfg = Debug|Any CPU
		{D4BAABA4-CFB6-4DA3-B5EF-75BCEDCA7F7B}.Debug|Any CPU.Build.0 = Debug|Any CPU
		{D4BAABA4-CFB6-4DA3-B5EF-75BCEDCA7F7B}.Release|Any CPU.ActiveCfg = Release|Any CPU
		{D4BAABA4-CFB6-4DA3-B5EF-75BCEDCA7F7B}.Release|Any CPU.Build.0 = Release|Any CPU
		{6DECCB71-EA4B-4D13-8BCA-C66833F3B76C}.Debug|Any CPU.ActiveCfg = Debug|Any CPU
		{6DECCB71-EA4B-4D13-8BCA-C66833F3B76C}.Debug|Any CPU.Build.0 = Debug|Any CPU
		{6DECCB71-EA4B-4D13-8BCA-C66833F3B76C}.Release|Any CPU.ActiveCfg = Release|Any CPU
		{6DECCB71-EA4B-4D13-8BCA-C66833F3B76C}.Release|Any CPU.Build.0 = Release|Any CPU
		{6DDF51B9-7C1B-42E7-BD92-FEFD6A9965CE}.Debug|Any CPU.ActiveCfg = Debug|Any CPU
		{6DDF51B9-7C1B-42E7-BD92-FEFD6A9965CE}.Debug|Any CPU.Build.0 = Debug|Any CPU
		{6DDF51B9-7C1B-42E7-BD92-FEFD6A9965CE}.Release|Any CPU.ActiveCfg = Release|Any CPU
		{6DDF51B9-7C1B-42E7-BD92-FEFD6A9965CE}.Release|Any CPU.Build.0 = Release|Any CPU
		{F96836F7-1102-4F27-98E6-A41D3871AD2B}.Debug|Any CPU.ActiveCfg = Debug|Any CPU
		{F96836F7-1102-4F27-98E6-A41D3871AD2B}.Debug|Any CPU.Build.0 = Debug|Any CPU
		{F96836F7-1102-4F27-98E6-A41D3871AD2B}.Release|Any CPU.ActiveCfg = Release|Any CPU
		{F96836F7-1102-4F27-98E6-A41D3871AD2B}.Release|Any CPU.Build.0 = Release|Any CPU
	EndGlobalSection
	GlobalSection(SolutionProperties) = preSolution
		HideSolutionNode = FALSE
	EndGlobalSection
	GlobalSection(ExtensibilityGlobals) = postSolution
		SolutionGuid = {54B9934F-356D-4A6B-B07E-D9E7EB0E3BB2}
	EndGlobalSection
EndGlobal
